
Microsoft Visual Studio Solution File, Format Version 12.00
# Visual Studio Version 16
VisualStudioVersion = 16.0.32901.82
MinimumVisualStudioVersion = 10.0.40219.1
Project("{9A19103F-16F7-4668-BE54-9A1E7A4F7556}") = "Tumakov", "Tumakov.csproj", "{D1AE32F1-29A0-4F43-8C5F-DB5D1C26F74B}"
EndProject
Project("{9A19103F-16F7-4668-BE54-9A1E7A4F7556}") = "Homework2", "..\Homework\Homework2.csproj", "{EDC418B7-43B5-4911-93E1-9F45EC8EA2A9}"
EndProject
Global
	GlobalSection(SolutionConfigurationPlatforms) = preSolution
		Debug|Any CPU = Debug|Any CPU
		Release|Any CPU = Release|Any CPU
	EndGlobalSection
	GlobalSection(ProjectConfigurationPlatforms) = postSolution
		{D1AE32F1-29A0-4F43-8C5F-DB5D1C26F74B}.Debug|Any CPU.ActiveCfg = Debug|Any CPU
		{D1AE32F1-29A0-4F43-8C5F-DB5D1C26F74B}.Debug|Any CPU.Build.0 = Debug|Any CPU
		{D1AE32F1-29A0-4F43-8C5F-DB5D1C26F74B}.Release|Any CPU.ActiveCfg = Release|Any CPU
		{D1AE32F1-29A0-4F43-8C5F-DB5D1C26F74B}.Release|Any CPU.Build.0 = Release|Any CPU
		{EDC418B7-43B5-4911-93E1-9F45EC8EA2A9}.Debug|Any CPU.ActiveCfg = Debug|Any CPU
		{EDC418B7-43B5-4911-93E1-9F45EC8EA2A9}.Debug|Any CPU.Build.0 = Debug|Any CPU
		{EDC418B7-43B5-4911-93E1-9F45EC8EA2A9}.Release|Any CPU.ActiveCfg = Release|Any CPU
		{EDC418B7-43B5-4911-93E1-9F45EC8EA2A9}.Release|Any CPU.Build.0 = Release|Any CPU
	EndGlobalSection
	GlobalSection(SolutionProperties) = preSolution
		HideSolutionNode = FALSE
	EndGlobalSection
	GlobalSection(ExtensibilityGlobals) = postSolution
		SolutionGuid = {6734D93F-3A67-4901-9BCD-EA71E64C21F7}
	EndGlobalSection
EndGlobal
